
Microsoft Visual Studio Solution File, Format Version 12.00
# Visual Studio 15
VisualStudioVersion = 15.0.27703.2042
MinimumVisualStudioVersion = 10.0.40219.1
Project("{FAE04EC0-301F-11D3-BF4B-00C04F79EFBC}") = "Lab7", "Lab7\Lab7.csproj", "{162AB484-6CD4-4955-8607-84D0AF4A1C63}"
EndProject
Global
	GlobalSection(SolutionConfigurationPlatforms) = preSolution
		Debug|Any CPU = Debug|Any CPU
		Release|Any CPU = Release|Any CPU
	EndGlobalSection
	GlobalSection(ProjectConfigurationPlatforms) = postSolution
		{162AB484-6CD4-4955-8607-84D0AF4A1C63}.Debug|Any CPU.ActiveCfg = Debug|Any CPU
		{162AB484-6CD4-4955-8607-84D0AF4A1C63}.Debug|Any CPU.Build.0 = Debug|Any CPU
		{162AB484-6CD4-4955-8607-84D0AF4A1C63}.Release|Any CPU.ActiveCfg = Release|Any CPU
		{162AB484-6CD4-4955-8607-84D0AF4A1C63}.Release|Any CPU.Build.0 = Release|Any CPU
	EndGlobalSection
	GlobalSection(SolutionProperties) = preSolution
		HideSolutionNode = FALSE
	EndGlobalSection
	GlobalSection(ExtensibilityGlobals) = postSolution
		SolutionGuid = {E11B6AB3-6FF0-4964-A341-D54A15F5FB97}
	EndGlobalSection
EndGlobal
